
Microsoft Visual Studio Solution File, Format Version 12.00
# Visual Studio Version 17
VisualStudioVersion = 17.7.34202.233
MinimumVisualStudioVersion = 10.0.40219.1
Project("{9A19103F-16F7-4668-BE54-9A1E7A4F7556}") = "TodoApi", "TodoApi\TodoApi.csproj", "{B5A6DB62-6D4A-4575-B77C-93BB7465D0B2}"
EndProject
Project("{2150E333-8FDC-42A3-9474-1A3956D46DE8}") = "Solution Items", "Solution Items", "{02EFDD49-1D52-4A9E-816F-C5FD7355CE96}"
EndProject
Global
	GlobalSection(SolutionConfigurationPlatforms) = preSolution
		Debug|Any CPU = Debug|Any CPU
		Release|Any CPU = Release|Any CPU
	EndGlobalSection
	GlobalSection(ProjectConfigurationPlatforms) = postSolution
		{B5A6DB62-6D4A-4575-B77C-93BB7465D0B2}.Debug|Any CPU.ActiveCfg = Debug|Any CPU
		{B5A6DB62-6D4A-4575-B77C-93BB7465D0B2}.Debug|Any CPU.Build.0 = Debug|Any CPU
		{B5A6DB62-6D4A-4575-B77C-93BB7465D0B2}.Release|Any CPU.ActiveCfg = Release|Any CPU
		{B5A6DB62-6D4A-4575-B77C-93BB7465D0B2}.Release|Any CPU.Build.0 = Release|Any CPU
	EndGlobalSection
	GlobalSection(SolutionProperties) = preSolution
		HideSolutionNode = FALSE
	EndGlobalSection
	GlobalSection(ExtensibilityGlobals) = postSolution
		SolutionGuid = {ECB79E3B-5645-4451-87DB-2B73731765C2}
	EndGlobalSection
EndGlobal
